
Microsoft Visual Studio Solution File, Format Version 12.00
# Visual Studio Version 16
VisualStudioVersion = 16.0.31729.503
MinimumVisualStudioVersion = 10.0.40219.1
Project("{888888A0-9F3D-457C-B088-3A5042F75D52}") = "grafik_Topolja", "grafik_Topolja\grafik_Topolja.pyproj", "{403498CB-D1CE-4D22-B6AD-9038101A9F16}"
EndProject
Global
	GlobalSection(SolutionConfigurationPlatforms) = preSolution
		Debug|Any CPU = Debug|Any CPU
		Release|Any CPU = Release|Any CPU
	EndGlobalSection
	GlobalSection(ProjectConfigurationPlatforms) = postSolution
		{403498CB-D1CE-4D22-B6AD-9038101A9F16}.Debug|Any CPU.ActiveCfg = Debug|Any CPU
		{403498CB-D1CE-4D22-B6AD-9038101A9F16}.Release|Any CPU.ActiveCfg = Release|Any CPU
	EndGlobalSection
	GlobalSection(SolutionProperties) = preSolution
		HideSolutionNode = FALSE
	EndGlobalSection
	GlobalSection(ExtensibilityGlobals) = postSolution
		SolutionGuid = {16BEE36F-CAF2-4FBC-B770-1432DDAC0BA0}
	EndGlobalSection
EndGlobal
